
Microsoft Visual Studio Solution File, Format Version 12.00
# Visual Studio Version 17
VisualStudioVersion = 17.9.34607.119
MinimumVisualStudioVersion = 10.0.40219.1
Project("{2150E333-8FDC-42A3-9474-1A3956D46DE8}") = "src", "src", "{2A4A39B4-5822-4A05-9214-D24AC52484B1}"
EndProject
Project("{2150E333-8FDC-42A3-9474-1A3956D46DE8}") = "API", "API", "{1B5F0896-A454-469C-A133-19476E20FA32}"
EndProject
Project("{2150E333-8FDC-42A3-9474-1A3956D46DE8}") = "Shared", "Shared", "{C7E4B668-A165-4AE3-A716-3C2424F088C8}"
EndProject
Project("{9A19103F-16F7-4668-BE54-9A1E7A4F7556}") = "Shared.Application", "src\Shared\Shared.Application\Shared.Application.csproj", "{8600300D-55EB-466F-9942-A7D4C78D2F0C}"
EndProject
Project("{9A19103F-16F7-4668-BE54-9A1E7A4F7556}") = "Shared.Core", "src\Shared\Shared.Core\Shared.Core.csproj", "{59D2BBC7-2121-4842-A64C-62D36B7C2C08}"
EndProject
Project("{2150E333-8FDC-42A3-9474-1A3956D46DE8}") = "Modules", "Modules", "{C8442D29-984B-4E3C-9A38-5FCF40A538DA}"
EndProject
Project("{2150E333-8FDC-42A3-9474-1A3956D46DE8}") = "Identity", "Identity", "{5B0612F2-E3DF-4B44-BADA-AFAB8FACEB5C}"
EndProject
Project("{9A19103F-16F7-4668-BE54-9A1E7A4F7556}") = "Modules.Identity", "src\Modules\Identity\Modules.Identity\Modules.Identity.csproj", "{73751777-2924-4BDE-B483-4FB99B036EB5}"
EndProject
Project("{9A19103F-16F7-4668-BE54-9A1E7A4F7556}") = "Quizzer.Api", "src\API\Quizzer.Api\Quizzer.Api.csproj", "{939C4D77-5E39-440C-AD35-BE36F6CD8E23}"
EndProject
Project("{2150E333-8FDC-42A3-9474-1A3956D46DE8}") = "tests", "tests", "{1FE9C623-F835-41E6-827F-5A1503851C25}"
EndProject
Project("{9A19103F-16F7-4668-BE54-9A1E7A4F7556}") = "Quizzer.Api.FunctionalTest", "tests\Quizzer.Api.FunctionalTest\Quizzer.Api.FunctionalTest.csproj", "{623145D4-41DF-4774-AB56-36BB39AD0CF8}"
EndProject
Project("{E53339B2-1760-4266-BCC7-CA923CBCF16C}") = "docker-compose", "docker-compose.dcproj", "{48121298-B866-4920-8FEC-29BA44617D03}"
EndProject
Project("{9A19103F-16F7-4668-BE54-9A1E7A4F7556}") = "Shared.Infrastructure", "src\Shared\Shared.Infrastructure\Shared.Infrastructure.csproj", "{EA0924DC-C766-4FFB-A2E0-F339F5DC7269}"
EndProject
Project("{2150E333-8FDC-42A3-9474-1A3956D46DE8}") = "Solution Items", "Solution Items", "{B90DB932-BBB6-47B1-A657-CE8F90C02F4F}"
	ProjectSection(SolutionItems) = preProject
		Directory.Packages.props = Directory.Packages.props
	EndProjectSection
EndProject
Project("{2150E333-8FDC-42A3-9474-1A3956D46DE8}") = "Quiz", "Quiz", "{88CDE1CF-B139-4F59-9FBA-FBB9BA8D8E33}"
EndProject
Project("{9A19103F-16F7-4668-BE54-9A1E7A4F7556}") = "Modules.Quiz.Core", "src\Modules\Quiz\Modules.Quiz.Core\Modules.Quiz.Core.csproj", "{67C88585-F00B-42C1-A9FB-3854F15653F8}"
EndProject
Project("{9A19103F-16F7-4668-BE54-9A1E7A4F7556}") = "Modules.Quiz.Application", "src\Modules\Quiz\Modules.Quiz.Application\Modules.Quiz.Application.csproj", "{EED5DF06-AEC1-4E85-8650-882D94CAEEA9}"
EndProject
Project("{9A19103F-16F7-4668-BE54-9A1E7A4F7556}") = "Modules.Quiz.Infrastructure", "src\Modules\Quiz\Modules.Quiz.Infrastructure\Modules.Quiz.Infrastructure.csproj", "{B6739693-D25D-4B9E-BAC3-CECA03F83F37}"
EndProject
Project("{9A19103F-16F7-4668-BE54-9A1E7A4F7556}") = "Modules.Quiz.Endpoints", "src\Modules\Quiz\Modules.Quiz.Endpoints\Modules.Quiz.Endpoints.csproj", "{61A2B338-1802-488B-9949-D06A07A92130}"
EndProject
Project("{2150E333-8FDC-42A3-9474-1A3956D46DE8}") = "Exam", "Exam", "{9F54D7AA-CB49-BFFF-E930-9767EDF65C60}"
EndProject
Project("{FAE04EC0-301F-11D3-BF4B-00C04F79EFBC}") = "Modules.Exam.Core", "src\Modules\Exam\Modules.Exam.Core\Modules.Exam.Core.csproj", "{9F3FD637-4FC0-4E08-9CF7-1A34BE8F806C}"
EndProject
Project("{FAE04EC0-301F-11D3-BF4B-00C04F79EFBC}") = "Modules.Exam.Application", "src\Modules\Exam\Modules.Exam.Application\Modules.Exam.Application.csproj", "{F55C80E1-D232-489E-8405-C5B032ACD2AC}"
EndProject
Project("{FAE04EC0-301F-11D3-BF4B-00C04F79EFBC}") = "Modules.Exam.Infrastructure", "src\Modules\Exam\Modules.Exam.Infrastructure\Modules.Exam.Infrastructure.csproj", "{79E8A638-B148-476C-9C9D-43F504E84DA9}"
EndProject
Project("{FAE04EC0-301F-11D3-BF4B-00C04F79EFBC}") = "Modules.Exam.Endpoints", "src\Modules\Exam\Modules.Exam.Endpoints\Modules.Exam.Endpoints.csproj", "{DE1B3F98-D6E4-4DF3-92ED-7A28A55412BB}"
EndProject
Global
	GlobalSection(SolutionConfigurationPlatforms) = preSolution
		Debug|Any CPU = Debug|Any CPU
		Debug|x64 = Debug|x64
		Debug|x86 = Debug|x86
		Release|Any CPU = Release|Any CPU
		Release|x64 = Release|x64
		Release|x86 = Release|x86
	EndGlobalSection
	GlobalSection(ProjectConfigurationPlatforms) = postSolution
		{8600300D-55EB-466F-9942-A7D4C78D2F0C}.Debug|Any CPU.ActiveCfg = Debug|Any CPU
		{8600300D-55EB-466F-9942-A7D4C78D2F0C}.Debug|Any CPU.Build.0 = Debug|Any CPU
		{8600300D-55EB-466F-9942-A7D4C78D2F0C}.Debug|x64.ActiveCfg = Debug|Any CPU
		{8600300D-55EB-466F-9942-A7D4C78D2F0C}.Debug|x64.Build.0 = Debug|Any CPU
		{8600300D-55EB-466F-9942-A7D4C78D2F0C}.Debug|x86.ActiveCfg = Debug|Any CPU
		{8600300D-55EB-466F-9942-A7D4C78D2F0C}.Debug|x86.Build.0 = Debug|Any CPU
		{8600300D-55EB-466F-9942-A7D4C78D2F0C}.Release|Any CPU.ActiveCfg = Release|Any CPU
		{8600300D-55EB-466F-9942-A7D4C78D2F0C}.Release|Any CPU.Build.0 = Release|Any CPU
		{8600300D-55EB-466F-9942-A7D4C78D2F0C}.Release|x64.ActiveCfg = Release|Any CPU
		{8600300D-55EB-466F-9942-A7D4C78D2F0C}.Release|x64.Build.0 = Release|Any CPU
		{8600300D-55EB-466F-9942-A7D4C78D2F0C}.Release|x86.ActiveCfg = Release|Any CPU
		{8600300D-55EB-466F-9942-A7D4C78D2F0C}.Release|x86.Build.0 = Release|Any CPU
		{59D2BBC7-2121-4842-A64C-62D36B7C2C08}.Debug|Any CPU.ActiveCfg = Debug|Any CPU
		{59D2BBC7-2121-4842-A64C-62D36B7C2C08}.Debug|Any CPU.Build.0 = Debug|Any CPU
		{59D2BBC7-2121-4842-A64C-62D36B7C2C08}.Debug|x64.ActiveCfg = Debug|Any CPU
		{59D2BBC7-2121-4842-A64C-62D36B7C2C08}.Debug|x64.Build.0 = Debug|Any CPU
		{59D2BBC7-2121-4842-A64C-62D36B7C2C08}.Debug|x86.ActiveCfg = Debug|Any CPU
		{59D2BBC7-2121-4842-A64C-62D36B7C2C08}.Debug|x86.Build.0 = Debug|Any CPU
		{59D2BBC7-2121-4842-A64C-62D36B7C2C08}.Release|Any CPU.ActiveCfg = Release|Any CPU
		{59D2BBC7-2121-4842-A64C-62D36B7C2C08}.Release|Any CPU.Build.0 = Release|Any CPU
		{59D2BBC7-2121-4842-A64C-62D36B7C2C08}.Release|x64.ActiveCfg = Release|Any CPU
		{59D2BBC7-2121-4842-A64C-62D36B7C2C08}.Release|x64.Build.0 = Release|Any CPU
		{59D2BBC7-2121-4842-A64C-62D36B7C2C08}.Release|x86.ActiveCfg = Release|Any CPU
		{59D2BBC7-2121-4842-A64C-62D36B7C2C08}.Release|x86.Build.0 = Release|Any CPU
		{73751777-2924-4BDE-B483-4FB99B036EB5}.Debug|Any CPU.ActiveCfg = Debug|Any CPU
		{73751777-2924-4BDE-B483-4FB99B036EB5}.Debug|Any CPU.Build.0 = Debug|Any CPU
		{73751777-2924-4BDE-B483-4FB99B036EB5}.Debug|x64.ActiveCfg = Debug|Any CPU
		{73751777-2924-4BDE-B483-4FB99B036EB5}.Debug|x64.Build.0 = Debug|Any CPU
		{73751777-2924-4BDE-B483-4FB99B036EB5}.Debug|x86.ActiveCfg = Debug|Any CPU
		{73751777-2924-4BDE-B483-4FB99B036EB5}.Debug|x86.Build.0 = Debug|Any CPU
		{73751777-2924-4BDE-B483-4FB99B036EB5}.Release|Any CPU.ActiveCfg = Release|Any CPU
		{73751777-2924-4BDE-B483-4FB99B036EB5}.Release|Any CPU.Build.0 = Release|Any CPU
		{73751777-2924-4BDE-B483-4FB99B036EB5}.Release|x64.ActiveCfg = Release|Any CPU
		{73751777-2924-4BDE-B483-4FB99B036EB5}.Release|x64.Build.0 = Release|Any CPU
		{73751777-2924-4BDE-B483-4FB99B036EB5}.Release|x86.ActiveCfg = Release|Any CPU
		{73751777-2924-4BDE-B483-4FB99B036EB5}.Release|x86.Build.0 = Release|Any CPU
		{939C4D77-5E39-440C-AD35-BE36F6CD8E23}.Debug|Any CPU.ActiveCfg = Debug|Any CPU
		{939C4D77-5E39-440C-AD35-BE36F6CD8E23}.Debug|Any CPU.Build.0 = Debug|Any CPU
		{939C4D77-5E39-440C-AD35-BE36F6CD8E23}.Debug|x64.ActiveCfg = Debug|Any CPU
		{939C4D77-5E39-440C-AD35-BE36F6CD8E23}.Debug|x64.Build.0 = Debug|Any CPU
		{939C4D77-5E39-440C-AD35-BE36F6CD8E23}.Debug|x86.ActiveCfg = Debug|Any CPU
		{939C4D77-5E39-440C-AD35-BE36F6CD8E23}.Debug|x86.Build.0 = Debug|Any CPU
		{939C4D77-5E39-440C-AD35-BE36F6CD8E23}.Release|Any CPU.ActiveCfg = Release|Any CPU
		{939C4D77-5E39-440C-AD35-BE36F6CD8E23}.Release|Any CPU.Build.0 = Release|Any CPU
		{939C4D77-5E39-440C-AD35-BE36F6CD8E23}.Release|x64.ActiveCfg = Release|Any CPU
		{939C4D77-5E39-440C-AD35-BE36F6CD8E23}.Release|x64.Build.0 = Release|Any CPU
		{939C4D77-5E39-440C-AD35-BE36F6CD8E23}.Release|x86.ActiveCfg = Release|Any CPU
		{939C4D77-5E39-440C-AD35-BE36F6CD8E23}.Release|x86.Build.0 = Release|Any CPU
		{623145D4-41DF-4774-AB56-36BB39AD0CF8}.Debug|Any CPU.ActiveCfg = Debug|Any CPU
		{623145D4-41DF-4774-AB56-36BB39AD0CF8}.Debug|Any CPU.Build.0 = Debug|Any CPU
		{623145D4-41DF-4774-AB56-36BB39AD0CF8}.Debug|x64.ActiveCfg = Debug|Any CPU
		{623145D4-41DF-4774-AB56-36BB39AD0CF8}.Debug|x64.Build.0 = Debug|Any CPU
		{623145D4-41DF-4774-AB56-36BB39AD0CF8}.Debug|x86.ActiveCfg = Debug|Any CPU
		{623145D4-41DF-4774-AB56-36BB39AD0CF8}.Debug|x86.Build.0 = Debug|Any CPU
		{623145D4-41DF-4774-AB56-36BB39AD0CF8}.Release|Any CPU.ActiveCfg = Release|Any CPU
		{623145D4-41DF-4774-AB56-36BB39AD0CF8}.Release|Any CPU.Build.0 = Release|Any CPU
		{623145D4-41DF-4774-AB56-36BB39AD0CF8}.Release|x64.ActiveCfg = Release|Any CPU
		{623145D4-41DF-4774-AB56-36BB39AD0CF8}.Release|x64.Build.0 = Release|Any CPU
		{623145D4-41DF-4774-AB56-36BB39AD0CF8}.Release|x86.ActiveCfg = Release|Any CPU
		{623145D4-41DF-4774-AB56-36BB39AD0CF8}.Release|x86.Build.0 = Release|Any CPU
		{48121298-B866-4920-8FEC-29BA44617D03}.Debug|Any CPU.ActiveCfg = Debug|Any CPU
		{48121298-B866-4920-8FEC-29BA44617D03}.Debug|Any CPU.Build.0 = Debug|Any CPU
		{48121298-B866-4920-8FEC-29BA44617D03}.Debug|x64.ActiveCfg = Debug|Any CPU
		{48121298-B866-4920-8FEC-29BA44617D03}.Debug|x64.Build.0 = Debug|Any CPU
		{48121298-B866-4920-8FEC-29BA44617D03}.Debug|x86.ActiveCfg = Debug|Any CPU
		{48121298-B866-4920-8FEC-29BA44617D03}.Debug|x86.Build.0 = Debug|Any CPU
		{48121298-B866-4920-8FEC-29BA44617D03}.Release|Any CPU.ActiveCfg = Release|Any CPU
		{48121298-B866-4920-8FEC-29BA44617D03}.Release|Any CPU.Build.0 = Release|Any CPU
		{48121298-B866-4920-8FEC-29BA44617D03}.Release|x64.ActiveCfg = Release|Any CPU
		{48121298-B866-4920-8FEC-29BA44617D03}.Release|x64.Build.0 = Release|Any CPU
		{48121298-B866-4920-8FEC-29BA44617D03}.Release|x86.ActiveCfg = Release|Any CPU
		{48121298-B866-4920-8FEC-29BA44617D03}.Release|x86.Build.0 = Release|Any CPU
		{EA0924DC-C766-4FFB-A2E0-F339F5DC7269}.Debug|Any CPU.ActiveCfg = Debug|Any CPU
		{EA0924DC-C766-4FFB-A2E0-F339F5DC7269}.Debug|Any CPU.Build.0 = Debug|Any CPU
		{EA0924DC-C766-4FFB-A2E0-F339F5DC7269}.Debug|x64.ActiveCfg = Debug|Any CPU
		{EA0924DC-C766-4FFB-A2E0-F339F5DC7269}.Debug|x64.Build.0 = Debug|Any CPU
		{EA0924DC-C766-4FFB-A2E0-F339F5DC7269}.Debug|x86.ActiveCfg = Debug|Any CPU
		{EA0924DC-C766-4FFB-A2E0-F339F5DC7269}.Debug|x86.Build.0 = Debug|Any CPU
		{EA0924DC-C766-4FFB-A2E0-F339F5DC7269}.Release|Any CPU.ActiveCfg = Release|Any CPU
		{EA0924DC-C766-4FFB-A2E0-F339F5DC7269}.Release|Any CPU.Build.0 = Release|Any CPU
		{EA0924DC-C766-4FFB-A2E0-F339F5DC7269}.Release|x64.ActiveCfg = Release|Any CPU
		{EA0924DC-C766-4FFB-A2E0-F339F5DC7269}.Release|x64.Build.0 = Release|Any CPU
		{EA0924DC-C766-4FFB-A2E0-F339F5DC7269}.Release|x86.ActiveCfg = Release|Any CPU
		{EA0924DC-C766-4FFB-A2E0-F339F5DC7269}.Release|x86.Build.0 = Release|Any CPU
		{67C88585-F00B-42C1-A9FB-3854F15653F8}.Debug|Any CPU.ActiveCfg = Debug|Any CPU
		{67C88585-F00B-42C1-A9FB-3854F15653F8}.Debug|Any CPU.Build.0 = Debug|Any CPU
		{67C88585-F00B-42C1-A9FB-3854F15653F8}.Debug|x64.ActiveCfg = Debug|Any CPU
		{67C88585-F00B-42C1-A9FB-3854F15653F8}.Debug|x64.Build.0 = Debug|Any CPU
		{67C88585-F00B-42C1-A9FB-3854F15653F8}.Debug|x86.ActiveCfg = Debug|Any CPU
		{67C88585-F00B-42C1-A9FB-3854F15653F8}.Debug|x86.Build.0 = Debug|Any CPU
		{67C88585-F00B-42C1-A9FB-3854F15653F8}.Release|Any CPU.ActiveCfg = Release|Any CPU
		{67C88585-F00B-42C1-A9FB-3854F15653F8}.Release|Any CPU.Build.0 = Release|Any CPU
		{67C88585-F00B-42C1-A9FB-3854F15653F8}.Release|x64.ActiveCfg = Release|Any CPU
		{67C88585-F00B-42C1-A9FB-3854F15653F8}.Release|x64.Build.0 = Release|Any CPU
		{67C88585-F00B-42C1-A9FB-3854F15653F8}.Release|x86.ActiveCfg = Release|Any CPU
		{67C88585-F00B-42C1-A9FB-3854F15653F8}.Release|x86.Build.0 = Release|Any CPU
		{EED5DF06-AEC1-4E85-8650-882D94CAEEA9}.Debug|Any CPU.ActiveCfg = Debug|Any CPU
		{EED5DF06-AEC1-4E85-8650-882D94CAEEA9}.Debug|Any CPU.Build.0 = Debug|Any CPU
		{EED5DF06-AEC1-4E85-8650-882D94CAEEA9}.Debug|x64.ActiveCfg = Debug|Any CPU
		{EED5DF06-AEC1-4E85-8650-882D94CAEEA9}.Debug|x64.Build.0 = Debug|Any CPU
		{EED5DF06-AEC1-4E85-8650-882D94CAEEA9}.Debug|x86.ActiveCfg = Debug|Any CPU
		{EED5DF06-AEC1-4E85-8650-882D94CAEEA9}.Debug|x86.Build.0 = Debug|Any CPU
		{EED5DF06-AEC1-4E85-8650-882D94CAEEA9}.Release|Any CPU.ActiveCfg = Release|Any CPU
		{EED5DF06-AEC1-4E85-8650-882D94CAEEA9}.Release|Any CPU.Build.0 = Release|Any CPU
		{EED5DF06-AEC1-4E85-8650-882D94CAEEA9}.Release|x64.ActiveCfg = Release|Any CPU
		{EED5DF06-AEC1-4E85-8650-882D94CAEEA9}.Release|x64.Build.0 = Release|Any CPU
		{EED5DF06-AEC1-4E85-8650-882D94CAEEA9}.Release|x86.ActiveCfg = Release|Any CPU
		{EED5DF06-AEC1-4E85-8650-882D94CAEEA9}.Release|x86.Build.0 = Release|Any CPU
		{B6739693-D25D-4B9E-BAC3-CECA03F83F37}.Debug|Any CPU.ActiveCfg = Debug|Any CPU
		{B6739693-D25D-4B9E-BAC3-CECA03F83F37}.Debug|Any CPU.Build.0 = Debug|Any CPU
		{B6739693-D25D-4B9E-BAC3-CECA03F83F37}.Debug|x64.ActiveCfg = Debug|Any CPU
		{B6739693-D25D-4B9E-BAC3-CECA03F83F37}.Debug|x64.Build.0 = Debug|Any CPU
		{B6739693-D25D-4B9E-BAC3-CECA03F83F37}.Debug|x86.ActiveCfg = Debug|Any CPU
		{B6739693-D25D-4B9E-BAC3-CECA03F83F37}.Debug|x86.Build.0 = Debug|Any CPU
		{B6739693-D25D-4B9E-BAC3-CECA03F83F37}.Release|Any CPU.ActiveCfg = Release|Any CPU
		{B6739693-D25D-4B9E-BAC3-CECA03F83F37}.Release|Any CPU.Build.0 = Release|Any CPU
		{B6739693-D25D-4B9E-BAC3-CECA03F83F37}.Release|x64.ActiveCfg = Release|Any CPU
		{B6739693-D25D-4B9E-BAC3-CECA03F83F37}.Release|x64.Build.0 = Release|Any CPU
		{B6739693-D25D-4B9E-BAC3-CECA03F83F37}.Release|x86.ActiveCfg = Release|Any CPU
		{B6739693-D25D-4B9E-BAC3-CECA03F83F37}.Release|x86.Build.0 = Release|Any CPU
		{61A2B338-1802-488B-9949-D06A07A92130}.Debug|Any CPU.ActiveCfg = Debug|Any CPU
		{61A2B338-1802-488B-9949-D06A07A92130}.Debug|Any CPU.Build.0 = Debug|Any CPU
		{61A2B338-1802-488B-9949-D06A07A92130}.Debug|x64.ActiveCfg = Debug|Any CPU
		{61A2B338-1802-488B-9949-D06A07A92130}.Debug|x64.Build.0 = Debug|Any CPU
		{61A2B338-1802-488B-9949-D06A07A92130}.Debug|x86.ActiveCfg = Debug|Any CPU
		{61A2B338-1802-488B-9949-D06A07A92130}.Debug|x86.Build.0 = Debug|Any CPU
		{61A2B338-1802-488B-9949-D06A07A92130}.Release|Any CPU.ActiveCfg = Release|Any CPU
		{61A2B338-1802-488B-9949-D06A07A92130}.Release|Any CPU.Build.0 = Release|Any CPU
		{61A2B338-1802-488B-9949-D06A07A92130}.Release|x64.ActiveCfg = Release|Any CPU
		{61A2B338-1802-488B-9949-D06A07A92130}.Release|x64.Build.0 = Release|Any CPU
		{61A2B338-1802-488B-9949-D06A07A92130}.Release|x86.ActiveCfg = Release|Any CPU
		{61A2B338-1802-488B-9949-D06A07A92130}.Release|x86.Build.0 = Release|Any CPU
		{9F3FD637-4FC0-4E08-9CF7-1A34BE8F806C}.Debug|Any CPU.ActiveCfg = Debug|Any CPU
		{9F3FD637-4FC0-4E08-9CF7-1A34BE8F806C}.Debug|Any CPU.Build.0 = Debug|Any CPU
		{9F3FD637-4FC0-4E08-9CF7-1A34BE8F806C}.Debug|x64.ActiveCfg = Debug|Any CPU
		{9F3FD637-4FC0-4E08-9CF7-1A34BE8F806C}.Debug|x64.Build.0 = Debug|Any CPU
		{9F3FD637-4FC0-4E08-9CF7-1A34BE8F806C}.Debug|x86.ActiveCfg = Debug|Any CPU
		{9F3FD637-4FC0-4E08-9CF7-1A34BE8F806C}.Debug|x86.Build.0 = Debug|Any CPU
		{9F3FD637-4FC0-4E08-9CF7-1A34BE8F806C}.Release|Any CPU.ActiveCfg = Release|Any CPU
		{9F3FD637-4FC0-4E08-9CF7-1A34BE8F806C}.Release|Any CPU.Build.0 = Release|Any CPU
		{9F3FD637-4FC0-4E08-9CF7-1A34BE8F806C}.Release|x64.ActiveCfg = Release|Any CPU
		{9F3FD637-4FC0-4E08-9CF7-1A34BE8F806C}.Release|x64.Build.0 = Release|Any CPU
		{9F3FD637-4FC0-4E08-9CF7-1A34BE8F806C}.Release|x86.ActiveCfg = Release|Any CPU
		{9F3FD637-4FC0-4E08-9CF7-1A34BE8F806C}.Release|x86.Build.0 = Release|Any CPU
		{F55C80E1-D232-489E-8405-C5B032ACD2AC}.Debug|Any CPU.ActiveCfg = Debug|Any CPU
		{F55C80E1-D232-489E-8405-C5B032ACD2AC}.Debug|Any CPU.Build.0 = Debug|Any CPU
		{F55C80E1-D232-489E-8405-C5B032ACD2AC}.Debug|x64.ActiveCfg = Debug|Any CPU
		{F55C80E1-D232-489E-8405-C5B032ACD2AC}.Debug|x64.Build.0 = Debug|Any CPU
		{F55C80E1-D232-489E-8405-C5B032ACD2AC}.Debug|x86.ActiveCfg = Debug|Any CPU
		{F55C80E1-D232-489E-8405-C5B032ACD2AC}.Debug|x86.Build.0 = Debug|Any CPU
		{F55C80E1-D232-489E-8405-C5B032ACD2AC}.Release|Any CPU.ActiveCfg = Release|Any CPU
		{F55C80E1-D232-489E-8405-C5B032ACD2AC}.Release|Any CPU.Build.0 = Release|Any CPU
		{F55C80E1-D232-489E-8405-C5B032ACD2AC}.Release|x64.ActiveCfg = Release|Any CPU
		{F55C80E1-D232-489E-8405-C5B032ACD2AC}.Release|x64.Build.0 = Release|Any CPU
		{F55C80E1-D232-489E-8405-C5B032ACD2AC}.Release|x86.ActiveCfg = Release|Any CPU
		{F55C80E1-D232-489E-8405-C5B032ACD2AC}.Release|x86.Build.0 = Release|Any CPU
		{79E8A638-B148-476C-9C9D-43F504E84DA9}.Debug|Any CPU.ActiveCfg = Debug|Any CPU
		{79E8A638-B148-476C-9C9D-43F504E84DA9}.Debug|Any CPU.Build.0 = Debug|Any CPU
		{79E8A638-B148-476C-9C9D-43F504E84DA9}.Debug|x64.ActiveCfg = Debug|Any CPU
		{79E8A638-B148-476C-9C9D-43F504E84DA9}.Debug|x64.Build.0 = Debug|Any CPU
		{79E8A638-B148-476C-9C9D-43F504E84DA9}.Debug|x86.ActiveCfg = Debug|Any CPU
		{79E8A638-B148-476C-9C9D-43F504E84DA9}.Debug|x86.Build.0 = Debug|Any CPU
		{79E8A638-B148-476C-9C9D-43F504E84DA9}.Release|Any CPU.ActiveCfg = Release|Any CPU
		{79E8A638-B148-476C-9C9D-43F504E84DA9}.Release|Any CPU.Build.0 = Release|Any CPU
		{79E8A638-B148-476C-9C9D-43F504E84DA9}.Release|x64.ActiveCfg = Release|Any CPU
		{79E8A638-B148-476C-9C9D-43F504E84DA9}.Release|x64.Build.0 = Release|Any CPU
		{79E8A638-B148-476C-9C9D-43F504E84DA9}.Release|x86.ActiveCfg = Release|Any CPU
		{79E8A638-B148-476C-9C9D-43F504E84DA9}.Release|x86.Build.0 = Release|Any CPU
		{DE1B3F98-D6E4-4DF3-92ED-7A28A55412BB}.Debug|Any CPU.ActiveCfg = Debug|Any CPU
		{DE1B3F98-D6E4-4DF3-92ED-7A28A55412BB}.Debug|Any CPU.Build.0 = Debug|Any CPU
		{DE1B3F98-D6E4-4DF3-92ED-7A28A55412BB}.Debug|x64.ActiveCfg = Debug|Any CPU
		{DE1B3F98-D6E4-4DF3-92ED-7A28A55412BB}.Debug|x64.Build.0 = Debug|Any CPU
		{DE1B3F98-D6E4-4DF3-92ED-7A28A55412BB}.Debug|x86.ActiveCfg = Debug|Any CPU
		{DE1B3F98-D6E4-4DF3-92ED-7A28A55412BB}.Debug|x86.Build.0 = Debug|Any CPU
		{DE1B3F98-D6E4-4DF3-92ED-7A28A55412BB}.Release|Any CPU.ActiveCfg = Release|Any CPU
		{DE1B3F98-D6E4-4DF3-92ED-7A28A55412BB}.Release|Any CPU.Build.0 = Release|Any CPU
		{DE1B3F98-D6E4-4DF3-92ED-7A28A55412BB}.Release|x64.ActiveCfg = Release|Any CPU
		{DE1B3F98-D6E4-4DF3-92ED-7A28A55412BB}.Release|x64.Build.0 = Release|Any CPU
		{DE1B3F98-D6E4-4DF3-92ED-7A28A55412BB}.Release|x86.ActiveCfg = Release|Any CPU
		{DE1B3F98-D6E4-4DF3-92ED-7A28A55412BB}.Release|x86.Build.0 = Release|Any CPU
	EndGlobalSection
	GlobalSection(SolutionProperties) = preSolution
		HideSolutionNode = FALSE
	EndGlobalSection
	GlobalSection(NestedProjects) = preSolution
		{1B5F0896-A454-469C-A133-19476E20FA32} = {2A4A39B4-5822-4A05-9214-D24AC52484B1}
		{C7E4B668-A165-4AE3-A716-3C2424F088C8} = {2A4A39B4-5822-4A05-9214-D24AC52484B1}
		{8600300D-55EB-466F-9942-A7D4C78D2F0C} = {C7E4B668-A165-4AE3-A716-3C2424F088C8}
		{59D2BBC7-2121-4842-A64C-62D36B7C2C08} = {C7E4B668-A165-4AE3-A716-3C2424F088C8}
		{C8442D29-984B-4E3C-9A38-5FCF40A538DA} = {2A4A39B4-5822-4A05-9214-D24AC52484B1}
		{5B0612F2-E3DF-4B44-BADA-AFAB8FACEB5C} = {C8442D29-984B-4E3C-9A38-5FCF40A538DA}
		{73751777-2924-4BDE-B483-4FB99B036EB5} = {5B0612F2-E3DF-4B44-BADA-AFAB8FACEB5C}
		{939C4D77-5E39-440C-AD35-BE36F6CD8E23} = {1B5F0896-A454-469C-A133-19476E20FA32}
		{623145D4-41DF-4774-AB56-36BB39AD0CF8} = {1FE9C623-F835-41E6-827F-5A1503851C25}
		{EA0924DC-C766-4FFB-A2E0-F339F5DC7269} = {C7E4B668-A165-4AE3-A716-3C2424F088C8}
		{88CDE1CF-B139-4F59-9FBA-FBB9BA8D8E33} = {C8442D29-984B-4E3C-9A38-5FCF40A538DA}
		{67C88585-F00B-42C1-A9FB-3854F15653F8} = {88CDE1CF-B139-4F59-9FBA-FBB9BA8D8E33}
		{EED5DF06-AEC1-4E85-8650-882D94CAEEA9} = {88CDE1CF-B139-4F59-9FBA-FBB9BA8D8E33}
		{B6739693-D25D-4B9E-BAC3-CECA03F83F37} = {88CDE1CF-B139-4F59-9FBA-FBB9BA8D8E33}
		{61A2B338-1802-488B-9949-D06A07A92130} = {88CDE1CF-B139-4F59-9FBA-FBB9BA8D8E33}
		{9F54D7AA-CB49-BFFF-E930-9767EDF65C60} = {C8442D29-984B-4E3C-9A38-5FCF40A538DA}
		{9F3FD637-4FC0-4E08-9CF7-1A34BE8F806C} = {9F54D7AA-CB49-BFFF-E930-9767EDF65C60}
		{F55C80E1-D232-489E-8405-C5B032ACD2AC} = {9F54D7AA-CB49-BFFF-E930-9767EDF65C60}
		{79E8A638-B148-476C-9C9D-43F504E84DA9} = {9F54D7AA-CB49-BFFF-E930-9767EDF65C60}
		{DE1B3F98-D6E4-4DF3-92ED-7A28A55412BB} = {9F54D7AA-CB49-BFFF-E930-9767EDF65C60}
	EndGlobalSection
	GlobalSection(ExtensibilityGlobals) = postSolution
		SolutionGuid = {A0D31435-6B1E-40AB-A686-125EF524B5B7}
	EndGlobalSection
EndGlobal
